
Microsoft Visual Studio Solution File, Format Version 12.00
# Visual Studio Version 16
VisualStudioVersion = 16.0.33801.447
MinimumVisualStudioVersion = 10.0.40219.1
Project("{8BC9CEB8-8B4A-11D0-8D11-00A0C91BC942}") = "FinalProject", "FinalProject.vcxproj", "{226CCBA7-8F47-4923-8BD4-0CC5F7FF0EEA}"
EndProject
Global
	GlobalSection(SolutionConfigurationPlatforms) = preSolution
		Debug|x64 = Debug|x64
		Debug|x86 = Debug|x86
		Release|x64 = Release|x64
		Release|x86 = Release|x86
	EndGlobalSection
	GlobalSection(ProjectConfigurationPlatforms) = postSolution
		{226CCBA7-8F47-4923-8BD4-0CC5F7FF0EEA}.Debug|x64.ActiveCfg = Debug|x64
		{226CCBA7-8F47-4923-8BD4-0CC5F7FF0EEA}.Debug|x64.Build.0 = Debug|x64
		{226CCBA7-8F47-4923-8BD4-0CC5F7FF0EEA}.Debug|x86.ActiveCfg = Debug|Win32
		{226CCBA7-8F47-4923-8BD4-0CC5F7FF0EEA}.Debug|x86.Build.0 = Debug|Win32
		{226CCBA7-8F47-4923-8BD4-0CC5F7FF0EEA}.Release|x64.ActiveCfg = Release|x64
		{226CCBA7-8F47-4923-8BD4-0CC5F7FF0EEA}.Release|x64.Build.0 = Release|x64
		{226CCBA7-8F47-4923-8BD4-0CC5F7FF0EEA}.Release|x86.ActiveCfg = Release|Win32
		{226CCBA7-8F47-4923-8BD4-0CC5F7FF0EEA}.Release|x86.Build.0 = Release|Win32
	EndGlobalSection
	GlobalSection(SolutionProperties) = preSolution
		HideSolutionNode = FALSE
	EndGlobalSection
	GlobalSection(ExtensibilityGlobals) = postSolution
		SolutionGuid = {C5E1ABDA-C5D8-45E0-A9E6-792AA1B185B4}
	EndGlobalSection
EndGlobal
